github.com/SnowsSky/scolor v1.1.0 h1:llZp0l5XhoAq7J8KXYHTfc/1s183ILHSxTmWclOF03U=
github.com/SnowsSky/scolor v1.1.0/go.mod h1:Hg7dWCatu5VbQkmEC7E12op3U2+liE+i+udRj3CIN3M=
github.com/SnowsSky/scolor/v2 v2.0.0 h1:V5JjKIylQ+28lWN+KSbh0X3UxFnpoQVnr/OWUPG9mwE=
github.com/SnowsSky/scolor/v2 v2.0.0/go.mod h1:bJwi3YK3B+liFovq65xBEMEOV4s84A6gPRj+2cSLM70=
